
Microsoft Visual Studio Solution File, Format Version 12.00
# Visual Studio Version 17
VisualStudioVersion = 17.9.34728.123
MinimumVisualStudioVersion = 10.0.40219.1
Project("{9A19103F-16F7-4668-BE54-9A1E7A4F7556}") = "BinhHD.Lambda", "BinhHD.Lambda\BinhHD.Lambda.csproj", "{80326336-D178-4026-8C9C-94A9B00B82BE}"
EndProject
Project("{9A19103F-16F7-4668-BE54-9A1E7A4F7556}") = "Lambda-Annotations", "Lambda-Annotations\Lambda-Annotations.csproj", "{C945191E-496E-45A3-9641-E83CCAA4F76A}"
EndProject
Project("{9A19103F-16F7-4668-BE54-9A1E7A4F7556}") = "AWS.Lambda.SQSTrigger", "AWS.Lambda.SQSTrigger\AWS.Lambda.SQSTrigger.csproj", "{036039E8-AD1F-437D-B7FC-29B06BAF7173}"
EndProject
Global
	GlobalSection(SolutionConfigurationPlatforms) = preSolution
		Debug|Any CPU = Debug|Any CPU
		Release|Any CPU = Release|Any CPU
	EndGlobalSection
	GlobalSection(ProjectConfigurationPlatforms) = postSolution
		{80326336-D178-4026-8C9C-94A9B00B82BE}.Debug|Any CPU.ActiveCfg = Debug|Any CPU
		{80326336-D178-4026-8C9C-94A9B00B82BE}.Debug|Any CPU.Build.0 = Debug|Any CPU
		{80326336-D178-4026-8C9C-94A9B00B82BE}.Release|Any CPU.ActiveCfg = Release|Any CPU
		{80326336-D178-4026-8C9C-94A9B00B82BE}.Release|Any CPU.Build.0 = Release|Any CPU
		{C945191E-496E-45A3-9641-E83CCAA4F76A}.Debug|Any CPU.ActiveCfg = Debug|Any CPU
		{C945191E-496E-45A3-9641-E83CCAA4F76A}.Debug|Any CPU.Build.0 = Debug|Any CPU
		{C945191E-496E-45A3-9641-E83CCAA4F76A}.Release|Any CPU.ActiveCfg = Release|Any CPU
		{C945191E-496E-45A3-9641-E83CCAA4F76A}.Release|Any CPU.Build.0 = Release|Any CPU
		{036039E8-AD1F-437D-B7FC-29B06BAF7173}.Debug|Any CPU.ActiveCfg = Debug|Any CPU
		{036039E8-AD1F-437D-B7FC-29B06BAF7173}.Debug|Any CPU.Build.0 = Debug|Any CPU
		{036039E8-AD1F-437D-B7FC-29B06BAF7173}.Release|Any CPU.ActiveCfg = Release|Any CPU
		{036039E8-AD1F-437D-B7FC-29B06BAF7173}.Release|Any CPU.Build.0 = Release|Any CPU
	EndGlobalSection
	GlobalSection(SolutionProperties) = preSolution
		HideSolutionNode = FALSE
	EndGlobalSection
	GlobalSection(ExtensibilityGlobals) = postSolution
		SolutionGuid = {AE2C4628-7585-4D54-A3D3-1993C570C906}
	EndGlobalSection
EndGlobal
